// !$*UTF8*$!
{
	archiveVersion = 1;
	classes = {
	};
	objectVersion = 77;
	objects = {

/* Begin PBXBuildFile section */
		757AF85E2DB0245D0097C280 /* Kingfisher in Frameworks */ = {isa = PBXBuildFile; productRef = 757AF85D2DB0245D0097C280 /* Kingfisher */; };
		757AF8612DB024760097C280 /* SVGKit in Frameworks */ = {isa = PBXBuildFile; productRef = 757AF8602DB024760097C280 /* SVGKit */; };
		757AF8632DB024760097C280 /* SVGKitSwift in Frameworks */ = {isa = PBXBuildFile; productRef = 757AF8622DB024760097C280 /* SVGKitSwift */; };
		75859CBF2D72FA8800D800CC /* OpenAPIRuntime in Frameworks */ = {isa = PBXBuildFile; productRef = 75859CBE2D72FA8800D800CC /* OpenAPIRuntime */; };
		75859CC22D72FA9800D800CC /* OpenAPIURLSession in Frameworks */ = {isa = PBXBuildFile; productRef = 75859CC12D72FA9800D800CC /* OpenAPIURLSession */; };
		75C0CFCC2D97D5FB00A1EF16 /* OpenAPIKit in Frameworks */ = {isa = PBXBuildFile; productRef = 75C0CFCB2D97D5FB00A1EF16 /* OpenAPIKit */; };
		75C0CFCE2D97D5FB00A1EF16 /* OpenAPIKit30 in Frameworks */ = {isa = PBXBuildFile; productRef = 75C0CFCD2D97D5FB00A1EF16 /* OpenAPIKit30 */; };
		75C0CFD02D97D5FB00A1EF16 /* OpenAPIKitCompat in Frameworks */ = {isa = PBXBuildFile; productRef = 75C0CFCF2D97D5FB00A1EF16 /* OpenAPIKitCompat */; };
/* End PBXBuildFile section */

/* Begin PBXFileReference section */
		75859CA92D72E88F00D800CC /* TravelSchedule.app */ = {isa = PBXFileReference; explicitFileType = wrapper.application; includeInIndex = 0; path = TravelSchedule.app; sourceTree = BUILT_PRODUCTS_DIR; };
/* End PBXFileReference section */

/* Begin PBXFileSystemSynchronizedRootGroup section */
		75859CAB2D72E88F00D800CC /* TravelSchedule */ = {
			isa = PBXFileSystemSynchronizedRootGroup;
			path = TravelSchedule;
			sourceTree = "<group>";
		};
/* End PBXFileSystemSynchronizedRootGroup section */

/* Begin PBXFrameworksBuildPhase section */
		75859CA62D72E88F00D800CC /* Frameworks */ = {
			isa = PBXFrameworksBuildPhase;
			buildActionMask = 2147483647;
			files = (
				757AF8632DB024760097C280 /* SVGKitSwift in Frameworks */,
				757AF85E2DB0245D0097C280 /* Kingfisher in Frameworks */,
				757AF8612DB024760097C280 /* SVGKit in Frameworks */,
				75859CBF2D72FA8800D800CC /* OpenAPIRuntime in Frameworks */,
				75C0CFCC2D97D5FB00A1EF16 /* OpenAPIKit in Frameworks */,
				75859CC22D72FA9800D800CC /* OpenAPIURLSession in Frameworks */,
				75C0CFD02D97D5FB00A1EF16 /* OpenAPIKitCompat in Frameworks */,
				75C0CFCE2D97D5FB00A1EF16 /* OpenAPIKit30 in Frameworks */,
			);
			runOnlyForDeploymentPostprocessing = 0;
		};
/* End PBXFrameworksBuildPhase section */

/* Begin PBXGroup section */
		75859CA02D72E88F00D800CC = {
			isa = PBXGroup;
			children = (
				75859CAB2D72E88F00D800CC /* TravelSchedule */,
				75859CAA2D72E88F00D800CC /* Products */,
			);
			sourceTree = "<group>";
		};
		75859CAA2D72E88F00D800CC /* Products */ = {
			isa = PBXGroup;
			children = (
				75859CA92D72E88F00D800CC /* TravelSchedule.app */,
			);
			name = Products;
			sourceTree = "<group>";
		};
/* End PBXGroup section */

/* Begin PBXNativeTarget section */
		75859CA82D72E88F00D800CC /* TravelSchedule */ = {
			isa = PBXNativeTarget;
			buildConfigurationList = 75859CB72D72E89000D800CC /* Build configuration list for PBXNativeTarget "TravelSchedule" */;
			buildPhases = (
				75859CA52D72E88F00D800CC /* Sources */,
				75859CA62D72E88F00D800CC /* Frameworks */,
				75859CA72D72E88F00D800CC /* Resources */,
			);
			buildRules = (
			);
			dependencies = (
				75859CC52D72FB1A00D800CC /* PBXTargetDependency */,
			);
			fileSystemSynchronizedGroups = (
				75859CAB2D72E88F00D800CC /* TravelSchedule */,
			);
			name = TravelSchedule;
			packageProductDependencies = (
				75859CBE2D72FA8800D800CC /* OpenAPIRuntime */,
				75859CC12D72FA9800D800CC /* OpenAPIURLSession */,
				75C0CFCB2D97D5FB00A1EF16 /* OpenAPIKit */,
				75C0CFCD2D97D5FB00A1EF16 /* OpenAPIKit30 */,
				75C0CFCF2D97D5FB00A1EF16 /* OpenAPIKitCompat */,
				757AF85D2DB0245D0097C280 /* Kingfisher */,
				757AF8602DB024760097C280 /* SVGKit */,
				757AF8622DB024760097C280 /* SVGKitSwift */,
			);
			productName = TravelSchedule;
			productReference = 75859CA92D72E88F00D800CC /* TravelSchedule.app */;
			productType = "com.apple.product-type.application";
		};
/* End PBXNativeTarget section */

/* Begin PBXProject section */
		75859CA12D72E88F00D800CC /* Project object */ = {
			isa = PBXProject;
			attributes = {
				BuildIndependentTargetsInParallel = 1;
				LastSwiftUpdateCheck = 1620;
				LastUpgradeCheck = 1620;
				TargetAttributes = {
					75859CA82D72E88F00D800CC = {
						CreatedOnToolsVersion = 16.2;
					};
				};
			};
			buildConfigurationList = 75859CA42D72E88F00D800CC /* Build configuration list for PBXProject "TravelSchedule" */;
			developmentRegion = en;
			hasScannedForEncodings = 0;
			knownRegions = (
				en,
				Base,
			);
			mainGroup = 75859CA02D72E88F00D800CC;
			minimizedProjectReferenceProxies = 1;
			packageReferences = (
				75859CBD2D72FA8800D800CC /* XCRemoteSwiftPackageReference "swift-openapi-runtime" */,
				75859CC02D72FA9800D800CC /* XCRemoteSwiftPackageReference "swift-openapi-urlsession" */,
				75859CC32D72FB1400D800CC /* XCRemoteSwiftPackageReference "swift-openapi-generator" */,
				75C0CFCA2D97D5FB00A1EF16 /* XCRemoteSwiftPackageReference "OpenAPIKit" */,
				757AF85C2DB0245D0097C280 /* XCRemoteSwiftPackageReference "Kingfisher" */,
				757AF85F2DB024760097C280 /* XCRemoteSwiftPackageReference "SVGKit" */,
			);
			preferredProjectObjectVersion = 77;
			productRefGroup = 75859CAA2D72E88F00D800CC /* Products */;
			projectDirPath = "";
			projectRoot = "";
			targets = (
				75859CA82D72E88F00D800CC /* TravelSchedule */,
			);
		};
/* End PBXProject section */

/* Begin PBXResourcesBuildPhase section */
		75859CA72D72E88F00D800CC /* Resources */ = {
			isa = PBXResourcesBuildPhase;
			buildActionMask = 2147483647;
			files = (
			);
			runOnlyForDeploymentPostprocessing = 0;
		};
/* End PBXResourcesBuildPhase section */

/* Begin PBXSourcesBuildPhase section */
		75859CA52D72E88F00D800CC /* Sources */ = {
			isa = PBXSourcesBuildPhase;
			buildActionMask = 2147483647;
			files = (
			);
			runOnlyForDeploymentPostprocessing = 0;
		};
/* End PBXSourcesBuildPhase section */

/* Begin PBXTargetDependency section */
		75859CC52D72FB1A00D800CC /* PBXTargetDependency */ = {
			isa = PBXTargetDependency;
			productRef = 75859CC42D72FB1A00D800CC /* OpenAPIGenerator */;
		};
/* End PBXTargetDependency section */

/* Begin XCBuildConfiguration section */
		75859CB52D72E89000D800CC /* Debug */ = {
			isa = XCBuildConfiguration;
			buildSettings = {
				ALWAYS_SEARCH_USER_PATHS = NO;
				ASSETCATALOG_COMPILER_GENERATE_SWIFT_ASSET_SYMBOL_EXTENSIONS = YES;
				CLANG_ANALYZER_NONNULL = YES;
				CLANG_ANALYZER_NUMBER_OBJECT_CONVERSION = YES_AGGRESSIVE;
				CLANG_CXX_LANGUAGE_STANDARD = "gnu++20";
				CLANG_ENABLE_MODULES = YES;
				CLANG_ENABLE_OBJC_ARC = YES;
				CLANG_ENABLE_OBJC_WEAK = YES;
				CLANG_WARN_BLOCK_CAPTURE_AUTORELEASING = YES;
				CLANG_WARN_BOOL_CONVERSION = YES;
				CLANG_WARN_COMMA = YES;
				CLANG_WARN_CONSTANT_CONVERSION = YES;
				CLANG_WARN_DEPRECATED_OBJC_IMPLEMENTATIONS = YES;
				CLANG_WARN_DIRECT_OBJC_ISA_USAGE = YES_ERROR;
				CLANG_WARN_DOCUMENTATION_COMMENTS = YES;
				CLANG_WARN_EMPTY_BODY = YES;
				CLANG_WARN_ENUM_CONVERSION = YES;
				CLANG_WARN_INFINITE_RECURSION = YES;
				CLANG_WARN_INT_CONVERSION = YES;
				CLANG_WARN_NON_LITERAL_NULL_CONVERSION = YES;
				CLANG_WARN_OBJC_IMPLICIT_RETAIN_SELF = YES;
				CLANG_WARN_OBJC_LITERAL_CONVERSION = YES;
				CLANG_WARN_OBJC_ROOT_CLASS = YES_ERROR;
				CLANG_WARN_QUOTED_INCLUDE_IN_FRAMEWORK_HEADER = YES;
				CLANG_WARN_RANGE_LOOP_ANALYSIS = YES;
				CLANG_WARN_STRICT_PROTOTYPES = YES;
				CLANG_WARN_SUSPICIOUS_MOVE = YES;
				CLANG_WARN_UNGUARDED_AVAILABILITY = YES_AGGRESSIVE;
				CLANG_WARN_UNREACHABLE_CODE = YES;
				CLANG_WARN__DUPLICATE_METHOD_MATCH = YES;
				COPY_PHASE_STRIP = NO;
				DEBUG_INFORMATION_FORMAT = dwarf;
				ENABLE_STRICT_OBJC_MSGSEND = YES;
				ENABLE_TESTABILITY = YES;
				ENABLE_USER_SCRIPT_SANDBOXING = YES;
				GCC_C_LANGUAGE_STANDARD = gnu17;
				GCC_DYNAMIC_NO_PIC = NO;
				GCC_NO_COMMON_BLOCKS = YES;
				GCC_OPTIMIZATION_LEVEL = 0;
				GCC_PREPROCESSOR_DEFINITIONS = (
					"DEBUG=1",
					"$(inherited)",
				);
				GCC_WARN_64_TO_32_BIT_CONVERSION = YES;
				GCC_WARN_ABOUT_RETURN_TYPE = YES_ERROR;
				GCC_WARN_UNDECLARED_SELECTOR = YES;
				GCC_WARN_UNINITIALIZED_AUTOS = YES_AGGRESSIVE;
				GCC_WARN_UNUSED_FUNCTION = YES;
				GCC_WARN_UNUSED_VARIABLE = YES;
				IPHONEOS_DEPLOYMENT_TARGET = 18.2;
				LOCALIZATION_PREFERS_STRING_CATALOGS = YES;
				MTL_ENABLE_DEBUG_INFO = INCLUDE_SOURCE;
				MTL_FAST_MATH = YES;
				ONLY_ACTIVE_ARCH = YES;
				SDKROOT = iphoneos;
				SWIFT_ACTIVE_COMPILATION_CONDITIONS = "DEBUG $(inherited)";
				SWIFT_OPTIMIZATION_LEVEL = "-Onone";
			};
			name = Debug;
		};
		75859CB62D72E89000D800CC /* Release */ = {
			isa = XCBuildConfiguration;
			buildSettings = {
				ALWAYS_SEARCH_USER_PATHS = NO;
				ASSETCATALOG_COMPILER_GENERATE_SWIFT_ASSET_SYMBOL_EXTENSIONS = YES;
				CLANG_ANALYZER_NONNULL = YES;
				CLANG_ANALYZER_NUMBER_OBJECT_CONVERSION = YES_AGGRESSIVE;
				CLANG_CXX_LANGUAGE_STANDARD = "gnu++20";
				CLANG_ENABLE_MODULES = YES;
				CLANG_ENABLE_OBJC_ARC = YES;
				CLANG_ENABLE_OBJC_WEAK = YES;
				CLANG_WARN_BLOCK_CAPTURE_AUTORELEASING = YES;
				CLANG_WARN_BOOL_CONVERSION = YES;
				CLANG_WARN_COMMA = YES;
				CLANG_WARN_CONSTANT_CONVERSION = YES;
				CLANG_WARN_DEPRECATED_OBJC_IMPLEMENTATIONS = YES;
				CLANG_WARN_DIRECT_OBJC_ISA_USAGE = YES_ERROR;
				CLANG_WARN_DOCUMENTATION_COMMENTS = YES;
				CLANG_WARN_EMPTY_BODY = YES;
				CLANG_WARN_ENUM_CONVERSION = YES;
				CLANG_WARN_INFINITE_RECURSION = YES;
				CLANG_WARN_INT_CONVERSION = YES;
				CLANG_WARN_NON_LITERAL_NULL_CONVERSION = YES;
				CLANG_WARN_OBJC_IMPLICIT_RETAIN_SELF = YES;
				CLANG_WARN_OBJC_LITERAL_CONVERSION = YES;
				CLANG_WARN_OBJC_ROOT_CLASS = YES_ERROR;
				CLANG_WARN_QUOTED_INCLUDE_IN_FRAMEWORK_HEADER = YES;
				CLANG_WARN_RANGE_LOOP_ANALYSIS = YES;
				CLANG_WARN_STRICT_PROTOTYPES = YES;
				CLANG_WARN_SUSPICIOUS_MOVE = YES;
				CLANG_WARN_UNGUARDED_AVAILABILITY = YES_AGGRESSIVE;
				CLANG_WARN_UNREACHABLE_CODE = YES;
				CLANG_WARN__DUPLICATE_METHOD_MATCH = YES;
				COPY_PHASE_STRIP = NO;
				DEBUG_INFORMATION_FORMAT = "dwarf-with-dsym";
				ENABLE_NS_ASSERTIONS = NO;
				ENABLE_STRICT_OBJC_MSGSEND = YES;
				ENABLE_USER_SCRIPT_SANDBOXING = YES;
				GCC_C_LANGUAGE_STANDARD = gnu17;
				GCC_NO_COMMON_BLOCKS = YES;
				GCC_WARN_64_TO_32_BIT_CONVERSION = YES;
				GCC_WARN_ABOUT_RETURN_TYPE = YES_ERROR;
				GCC_WARN_UNDECLARED_SELECTOR = YES;
				GCC_WARN_UNINITIALIZED_AUTOS = YES_AGGRESSIVE;
				GCC_WARN_UNUSED_FUNCTION = YES;
				GCC_WARN_UNUSED_VARIABLE = YES;
				IPHONEOS_DEPLOYMENT_TARGET = 18.2;
				LOCALIZATION_PREFERS_STRING_CATALOGS = YES;
				MTL_ENABLE_DEBUG_INFO = NO;
				MTL_FAST_MATH = YES;
				SDKROOT = iphoneos;
				SWIFT_COMPILATION_MODE = wholemodule;
				VALIDATE_PRODUCT = YES;
			};
			name = Release;
		};
		75859CB82D72E89000D800CC /* Debug */ = {
			isa = XCBuildConfiguration;
			buildSettings = {
				ASSETCATALOG_COMPILER_APPICON_NAME = AppIcon;
				ASSETCATALOG_COMPILER_GLOBAL_ACCENT_COLOR_NAME = AccentColor;
				CODE_SIGN_STYLE = Automatic;
				CURRENT_PROJECT_VERSION = 1;
				DEVELOPMENT_ASSET_PATHS = "\"TravelSchedule/Preview Content\"";
				DEVELOPMENT_TEAM = W8M64LUWMC;
				ENABLE_PREVIEWS = YES;
				GENERATE_INFOPLIST_FILE = YES;
				INFOPLIST_KEY_UIApplicationSceneManifest_Generation = YES;
				INFOPLIST_KEY_UIApplicationSupportsIndirectInputEvents = YES;
				INFOPLIST_KEY_UILaunchScreen_Generation = YES;
				INFOPLIST_KEY_UISupportedInterfaceOrientations = UIInterfaceOrientationPortrait;
				INFOPLIST_KEY_UISupportedInterfaceOrientations_iPad = "UIInterfaceOrientationLandscapeLeft UIInterfaceOrientationLandscapeRight UIInterfaceOrientationPortrait UIInterfaceOrientationPortraitUpsideDown";
				IPHONEOS_DEPLOYMENT_TARGET = 16.6;
				LD_RUNPATH_SEARCH_PATHS = (
					"$(inherited)",
					"@executable_path/Frameworks",
				);
				MARKETING_VERSION = 1.0;
				PRODUCT_BUNDLE_IDENTIFIER = nex77qoz.TravelSchedule;
				PRODUCT_NAME = "$(TARGET_NAME)";
				SUPPORTED_PLATFORMS = "iphoneos iphonesimulator";
				SUPPORTS_MACCATALYST = NO;
				SUPPORTS_MAC_DESIGNED_FOR_IPHONE_IPAD = NO;
				SUPPORTS_XR_DESIGNED_FOR_IPHONE_IPAD = NO;
				SWIFT_EMIT_LOC_STRINGS = YES;
				SWIFT_STRICT_CONCURRENCY = complete;
				SWIFT_VERSION = 5.0;
				TARGETED_DEVICE_FAMILY = 1;
			};
			name = Debug;
		};
		75859CB92D72E89000D800CC /* Release */ = {
			isa = XCBuildConfiguration;
			buildSettings = {
				ASSETCATALOG_COMPILER_APPICON_NAME = AppIcon;
				ASSETCATALOG_COMPILER_GLOBAL_ACCENT_COLOR_NAME = AccentColor;
				CODE_SIGN_STYLE = Automatic;
				CURRENT_PROJECT_VERSION = 1;
				DEVELOPMENT_ASSET_PATHS = "\"TravelSchedule/Preview Content\"";
				DEVELOPMENT_TEAM = W8M64LUWMC;
				ENABLE_PREVIEWS = YES;
				GENERATE_INFOPLIST_FILE = YES;
				INFOPLIST_KEY_UIApplicationSceneManifest_Generation = YES;
				INFOPLIST_KEY_UIApplicationSupportsIndirectInputEvents = YES;
				INFOPLIST_KEY_UILaunchScreen_Generation = YES;
				INFOPLIST_KEY_UISupportedInterfaceOrientations = UIInterfaceOrientationPortrait;
				INFOPLIST_KEY_UISupportedInterfaceOrientations_iPad = "UIInterfaceOrientationLandscapeLeft UIInterfaceOrientationLandscapeRight UIInterfaceOrientationPortrait UIInterfaceOrientationPortraitUpsideDown";
				IPHONEOS_DEPLOYMENT_TARGET = 16.6;
				LD_RUNPATH_SEARCH_PATHS = (
					"$(inherited)",
					"@executable_path/Frameworks",
				);
				MARKETING_VERSION = 1.0;
				PRODUCT_BUNDLE_IDENTIFIER = nex77qoz.TravelSchedule;
				PRODUCT_NAME = "$(TARGET_NAME)";
				SUPPORTED_PLATFORMS = "iphoneos iphonesimulator";
				SUPPORTS_MACCATALYST = NO;
				SUPPORTS_MAC_DESIGNED_FOR_IPHONE_IPAD = NO;
				SUPPORTS_XR_DESIGNED_FOR_IPHONE_IPAD = NO;
				SWIFT_EMIT_LOC_STRINGS = YES;
				SWIFT_STRICT_CONCURRENCY = complete;
				SWIFT_VERSION = 5.0;
				TARGETED_DEVICE_FAMILY = 1;
			};
			name = Release;
		};
/* End XCBuildConfiguration section */

/* Begin XCConfigurationList section */
		75859CA42D72E88F00D800CC /* Build configuration list for PBXProject "TravelSchedule" */ = {
			isa = XCConfigurationList;
			buildConfigurations = (
				75859CB52D72E89000D800CC /* Debug */,
				75859CB62D72E89000D800CC /* Release */,
			);
			defaultConfigurationIsVisible = 0;
			defaultConfigurationName = Release;
		};
		75859CB72D72E89000D800CC /* Build configuration list for PBXNativeTarget "TravelSchedule" */ = {
			isa = XCConfigurationList;
			buildConfigurations = (
				75859CB82D72E89000D800CC /* Debug */,
				75859CB92D72E89000D800CC /* Release */,
			);
			defaultConfigurationIsVisible = 0;
			defaultConfigurationName = Release;
		};
/* End XCConfigurationList section */

/* Begin XCRemoteSwiftPackageReference section */
		757AF85C2DB0245D0097C280 /* XCRemoteSwiftPackageReference "Kingfisher" */ = {
			isa = XCRemoteSwiftPackageReference;
			repositoryURL = "https://github.com/onevcat/Kingfisher";
			requirement = {
				kind = upToNextMajorVersion;
				minimumVersion = 8.3.2;
			};
		};
		757AF85F2DB024760097C280 /* XCRemoteSwiftPackageReference "SVGKit" */ = {
			isa = XCRemoteSwiftPackageReference;
			repositoryURL = "https://github.com/SVGKit/SVGKit";
			requirement = {
				kind = upToNextMajorVersion;
				minimumVersion = 3.0.0;
			};
		};
		75859CBD2D72FA8800D800CC /* XCRemoteSwiftPackageReference "swift-openapi-runtime" */ = {
			isa = XCRemoteSwiftPackageReference;
			repositoryURL = "https://github.com/apple/swift-openapi-runtime";
			requirement = {
				kind = upToNextMajorVersion;
				minimumVersion = 1.8.0;
			};
		};
		75859CC02D72FA9800D800CC /* XCRemoteSwiftPackageReference "swift-openapi-urlsession" */ = {
			isa = XCRemoteSwiftPackageReference;
			repositoryURL = "https://github.com/apple/swift-openapi-urlsession";
			requirement = {
				kind = upToNextMajorVersion;
				minimumVersion = 1.0.2;
			};
		};
		75859CC32D72FB1400D800CC /* XCRemoteSwiftPackageReference "swift-openapi-generator" */ = {
			isa = XCRemoteSwiftPackageReference;
			repositoryURL = "https://github.com/apple/swift-openapi-generator";
			requirement = {
				kind = upToNextMajorVersion;
				minimumVersion = 1.7.0;
			};
		};
		75C0CFCA2D97D5FB00A1EF16 /* XCRemoteSwiftPackageReference "OpenAPIKit" */ = {
			isa = XCRemoteSwiftPackageReference;
			repositoryURL = "https://github.com/mattpolzin/OpenAPIKit";
			requirement = {
				kind = upToNextMajorVersion;
				minimumVersion = 3.4.2;
			};
		};
/* End XCRemoteSwiftPackageReference section */

/* Begin XCSwiftPackageProductDependency section */
		757AF85D2DB0245D0097C280 /* Kingfisher */ = {
			isa = XCSwiftPackageProductDependency;
			package = 757AF85C2DB0245D0097C280 /* XCRemoteSwiftPackageReference "Kingfisher" */;
			productName = Kingfisher;
		};
		757AF8602DB024760097C280 /* SVGKit */ = {
			isa = XCSwiftPackageProductDependency;
			package = 757AF85F2DB024760097C280 /* XCRemoteSwiftPackageReference "SVGKit" */;
			productName = SVGKit;
		};
		757AF8622DB024760097C280 /* SVGKitSwift */ = {
			isa = XCSwiftPackageProductDependency;
			package = 757AF85F2DB024760097C280 /* XCRemoteSwiftPackageReference "SVGKit" */;
			productName = SVGKitSwift;
		};
		75859CBE2D72FA8800D800CC /* OpenAPIRuntime */ = {
			isa = XCSwiftPackageProductDependency;
			package = 75859CBD2D72FA8800D800CC /* XCRemoteSwiftPackageReference "swift-openapi-runtime" */;
			productName = OpenAPIRuntime;
		};
		75859CC12D72FA9800D800CC /* OpenAPIURLSession */ = {
			isa = XCSwiftPackageProductDependency;
			package = 75859CC02D72FA9800D800CC /* XCRemoteSwiftPackageReference "swift-openapi-urlsession" */;
			productName = OpenAPIURLSession;
		};
		75859CC42D72FB1A00D800CC /* OpenAPIGenerator */ = {
			isa = XCSwiftPackageProductDependency;
			package = 75859CC32D72FB1400D800CC /* XCRemoteSwiftPackageReference "swift-openapi-generator" */;
			productName = "plugin:OpenAPIGenerator";
		};
		75C0CFCB2D97D5FB00A1EF16 /* OpenAPIKit */ = {
			isa = XCSwiftPackageProductDependency;
			package = 75C0CFCA2D97D5FB00A1EF16 /* XCRemoteSwiftPackageReference "OpenAPIKit" */;
			productName = OpenAPIKit;
		};
		75C0CFCD2D97D5FB00A1EF16 /* OpenAPIKit30 */ = {
			isa = XCSwiftPackageProductDependency;
			package = 75C0CFCA2D97D5FB00A1EF16 /* XCRemoteSwiftPackageReference "OpenAPIKit" */;
			productName = OpenAPIKit30;
		};
		75C0CFCF2D97D5FB00A1EF16 /* OpenAPIKitCompat */ = {
			isa = XCSwiftPackageProductDependency;
			package = 75C0CFCA2D97D5FB00A1EF16 /* XCRemoteSwiftPackageReference "OpenAPIKit" */;
			productName = OpenAPIKitCompat;
		};
/* End XCSwiftPackageProductDependency section */
	};
	rootObject = 75859CA12D72E88F00D800CC /* Project object */;
}
